
Microsoft Visual Studio Solution File, Format Version 12.00
# Visual Studio Version 17
VisualStudioVersion = 17.3.32922.545
MinimumVisualStudioVersion = 10.0.40219.1
Project("{F184B08F-C81C-45F6-A57F-5ABD9991F28F}") = "Touhoku Beta Weight", "Touhoku Beta Weight\Touhoku Beta Weight.vbproj", "{D75D0838-682F-4290-AECF-4563F57B017C}"
EndProject
Global
	GlobalSection(SolutionConfigurationPlatforms) = preSolution
		Debug|Any CPU = Debug|Any CPU
		Release|Any CPU = Release|Any CPU
	EndGlobalSection
	GlobalSection(ProjectConfigurationPlatforms) = postSolution
		{D75D0838-682F-4290-AECF-4563F57B017C}.Debug|Any CPU.ActiveCfg = Debug|Any CPU
		{D75D0838-682F-4290-AECF-4563F57B017C}.Debug|Any CPU.Build.0 = Debug|Any CPU
		{D75D0838-682F-4290-AECF-4563F57B017C}.Release|Any CPU.ActiveCfg = Release|Any CPU
		{D75D0838-682F-4290-AECF-4563F57B017C}.Release|Any CPU.Build.0 = Release|Any CPU
	EndGlobalSection
	GlobalSection(SolutionProperties) = preSolution
		HideSolutionNode = FALSE
	EndGlobalSection
	GlobalSection(ExtensibilityGlobals) = postSolution
		SolutionGuid = {A5EDBEBC-DDFC-4205-A0BA-B5DFE55E61DB}
	EndGlobalSection
EndGlobal
